
Microsoft Visual Studio Solution File, Format Version 12.00
# Visual Studio Version 17
VisualStudioVersion = 17.11.35431.28
MinimumVisualStudioVersion = 10.0.40219.1
Project("{FAE04EC0-301F-11D3-BF4B-00C04F79EFBC}") = "Vector Meshes", "Vector Meshes.csproj", "{1E6C987A-55DB-419F-B2E3-126A2F154001}"
EndProject
Global
	GlobalSection(SolutionConfigurationPlatforms) = preSolution
		Debug|Any CPU = Debug|Any CPU
		Release|Any CPU = Release|Any CPU
	EndGlobalSection
	GlobalSection(ProjectConfigurationPlatforms) = postSolution
		{1E6C987A-55DB-419F-B2E3-126A2F154001}.Debug|Any CPU.ActiveCfg = Debug|Any CPU
		{1E6C987A-55DB-419F-B2E3-126A2F154001}.Debug|Any CPU.Build.0 = Debug|Any CPU
		{1E6C987A-55DB-419F-B2E3-126A2F154001}.Release|Any CPU.ActiveCfg = Release|Any CPU
		{1E6C987A-55DB-419F-B2E3-126A2F154001}.Release|Any CPU.Build.0 = Release|Any CPU
	EndGlobalSection
	GlobalSection(SolutionProperties) = preSolution
		HideSolutionNode = FALSE
	EndGlobalSection
	GlobalSection(ExtensibilityGlobals) = postSolution
		SolutionGuid = {926F5D59-ACCA-4977-9ED9-3E37ADC909FA}
	EndGlobalSection
EndGlobal
